
Microsoft Visual Studio Solution File, Format Version 12.00
# Visual Studio Version 16
VisualStudioVersion = 16.0.32407.337
MinimumVisualStudioVersion = 10.0.40219.1
Project("{FAE04EC0-301F-11D3-BF4B-00C04F79EFBC}") = "WebApplication1", "WebApplication1\WebApplication1.csproj", "{88A85DCE-D91C-4CDC-AC89-D2003A0304AD}"
EndProject
Global
	GlobalSection(SolutionConfigurationPlatforms) = preSolution
		Debug|Any CPU = Debug|Any CPU
		Release|Any CPU = Release|Any CPU
	EndGlobalSection
	GlobalSection(ProjectConfigurationPlatforms) = postSolution
		{88A85DCE-D91C-4CDC-AC89-D2003A0304AD}.Debug|Any CPU.ActiveCfg = Debug|Any CPU
		{88A85DCE-D91C-4CDC-AC89-D2003A0304AD}.Debug|Any CPU.Build.0 = Debug|Any CPU
		{88A85DCE-D91C-4CDC-AC89-D2003A0304AD}.Release|Any CPU.ActiveCfg = Release|Any CPU
		{88A85DCE-D91C-4CDC-AC89-D2003A0304AD}.Release|Any CPU.Build.0 = Release|Any CPU
	EndGlobalSection
	GlobalSection(SolutionProperties) = preSolution
		HideSolutionNode = FALSE
	EndGlobalSection
	GlobalSection(ExtensibilityGlobals) = postSolution
		SolutionGuid = {1093FCEF-4085-4538-BAB7-9072EC21A116}
	EndGlobalSection
EndGlobal
